# @generated - this file is auto-generated by `mise lock` https://mise.en.dev/dev-tools/mise-lock.html

[[tools.go]]
version = "1.27.0"
backend = "core:go"

[tools.go."platforms.linux-arm64"]
checksum = "sha256:51798d2c42d0e1c6ed7fd9f48728b4193abac9e8aad6dbac2fe96a81f5909bda"
url = "https://dl.google.com/go/go1.27.0.linux-arm64.tar.gz"

[tools.go."platforms.linux-arm64-musl"]
checksum = "sha256:51798d2c42d0e1c6ed7fd9f48728b4193abac9e8aad6dbac2fe96a81f5909bda"
url = "https://dl.google.com/go/go1.27.0.linux-arm64.tar.gz"

[tools.go."platforms.linux-x64"]
checksum = "sha256:675c26c449cbb18fc24b74650de1eabbae6e16f64326fd85a283fb3b58280685"
url = "https://dl.google.com/go/go1.27.0.linux-amd64.tar.gz"

[tools.go."platforms.linux-x64-musl"]
checksum = "sha256:675c26c449cbb18fc24b74650de1eabbae6e16f64326fd85a283fb3b58280685"
url = "https://dl.google.com/go/go1.27.0.linux-amd64.tar.gz"

[tools.go."platforms.macos-arm64"]
checksum = "sha256:90493b3bbd5e10f91d12153198bf1994fd756399b4fec93b49b0c6e2acdeeb3e"
url = "https://dl.google.com/go/go1.27.0.darwin-arm64.tar.gz"

[tools.go."platforms.macos-x64"]
checksum = "sha256:d3314e25496e4381d71a5c51d2907e7af655d199f6780b549f015bd85fef4986"
url = "https://dl.google.com/go/go1.27.0.darwin-amd64.tar.gz"

[tools.go."platforms.windows-x64"]
checksum = "sha256:f0c0a0d33ba94f4d2c5dbc887334ce678b21813504ddb3aafcb06e60a5a667c4"
url = "https://dl.google.com/go/go1.27.0.windows-amd64.zip"

[[tools.golangci-lint]]
version = "2.13.1"
backend = "aqua:golangci/golangci-lint"

[tools.golangci-lint."platforms.linux-arm64"]
checksum = "sha256:908317c23db18448f924e853b3d8a659fd919614cd438f224810a4053daa2607"
url = "https://github.com/golangci/golangci-lint/releases/download/v2.13.1/golangci-lint-2.13.1-linux-arm64.tar.gz"
url_api = "https://api.github.com/repos/golangci/golangci-lint/releases/assets/522396912"
provenance = "github-attestations"

[tools.golangci-lint."platforms.linux-arm64-musl"]
checksum = "sha256:908317c23db18448f924e853b3d8a659fd919614cd438f224810a4053daa2607"
url = "https://github.com/golangci/golangci-lint/releases/download/v2.13.1/golangci-lint-2.13.1-linux-arm64.tar.gz"
url_api = "https://api.github.com/repos/golangci/golangci-lint/releases/assets/522396912"
provenance = "github-attestations"

[tools.golangci-lint."platforms.linux-x64"]
checksum = "sha256:b17bfbc9d4aaa48be7f4f1ce3240bc3d8200c870c072bacf15c26219e2cfb9cc"
url = "https://github.com/golangci/golangci-lint/releases/download/v2.13.1/golangci-lint-2.13.1-linux-amd64.tar.gz"
url_api = "https://api.github.com/repos/golangci/golangci-lint/releases/assets/522396872"
provenance = "github-attestations"

[tools.golangci-lint."platforms.linux-x64-musl"]
checksum = "sha256:b17bfbc9d4aaa48be7f4f1ce3240bc3d8200c870c072bacf15c26219e2cfb9cc"
url = "https://github.com/golangci/golangci-lint/releases/download/v2.13.1/golangci-lint-2.13.1-linux-amd64.tar.gz"
url_api = "https://api.github.com/repos/golangci/golangci-lint/releases/assets/522396872"
provenance = "github-attestations"

[tools.golangci-lint."platforms.macos-arm64"]
checksum = "sha256:0c9818baf6fb8ad26c6d2ef51b68d5a1e260ef07727036b1431647cc44637c7c"
url = "https://github.com/golangci/golangci-lint/releases/download/v2.13.1/golangci-lint-2.13.1-darwin-arm64.tar.gz"
url_api = "https://api.github.com/repos/golangci/golangci-lint/releases/assets/522396798"
provenance = "github-attestations"

[tools.golangci-lint."platforms.macos-x64"]
checksum = "sha256:2c373363953e4e0bee2a03b7fe864a5eb6a3822927cb077d9ca33f2ae3cb2da2"
url = "https://github.com/golangci/golangci-lint/releases/download/v2.13.1/golangci-lint-2.13.1-darwin-amd64.tar.gz"
url_api = "https://api.github.com/repos/golangci/golangci-lint/releases/assets/522396867"
provenance = "github-attestations"

[tools.golangci-lint."platforms.windows-x64"]
checksum = "sha256:cc119bdd57d2b35ce36fbc174b54949e1a1e45f2cadaf64372cc799cabaf88a9"
url = "https://github.com/golangci/golangci-lint/releases/download/v2.13.1/golangci-lint-2.13.1-windows-amd64.zip"
url_api = "https://api.github.com/repos/golangci/golangci-lint/releases/assets/522396821"
provenance = "github-attestations"

[[tools.hugo]]
version = "0.165.0"
backend = "aqua:gohugoio/hugo"

[tools.hugo."platforms.linux-arm64"]
checksum = "sha256:65c9fdd75e82d5f1eaf565f6e9fede6c0ceecaa267798e10c73068986996b77d"
url = "https://github.com/gohugoio/hugo/releases/download/v0.165.0/hugo_0.165.0_linux-arm64.tar.gz"
url_api = "https://api.github.com/repos/gohugoio/hugo/releases/assets/511697401"

[tools.hugo."platforms.linux-arm64-musl"]
checksum = "sha256:65c9fdd75e82d5f1eaf565f6e9fede6c0ceecaa267798e10c73068986996b77d"
url = "https://github.com/gohugoio/hugo/releases/download/v0.165.0/hugo_0.165.0_linux-arm64.tar.gz"
url_api = "https://api.github.com/repos/gohugoio/hugo/releases/assets/511697401"

[tools.hugo."platforms.linux-x64"]
checksum = "sha256:5c3a37a5450b3e386e5b75a87a790fea2d04a796d75e171216c80ef48a32b432"
url = "https://github.com/gohugoio/hugo/releases/download/v0.165.0/hugo_0.165.0_linux-amd64.tar.gz"
url_api = "https://api.github.com/repos/gohugoio/hugo/releases/assets/511697404"

[tools.hugo."platforms.linux-x64-musl"]
checksum = "sha256:5c3a37a5450b3e386e5b75a87a790fea2d04a796d75e171216c80ef48a32b432"
url = "https://github.com/gohugoio/hugo/releases/download/v0.165.0/hugo_0.165.0_linux-amd64.tar.gz"
url_api = "https://api.github.com/repos/gohugoio/hugo/releases/assets/511697404"

[tools.hugo."platforms.macos-arm64"]
checksum = "sha256:10ea75335975a13d0e73ac298402179335c55fa4e99d1687452d9cfa70b30d16"
url = "https://github.com/gohugoio/hugo/releases/download/v0.165.0/hugo_0.165.0_darwin-universal.pkg"
url_api = "https://api.github.com/repos/gohugoio/hugo/releases/assets/511697483"

[tools.hugo."platforms.macos-x64"]
checksum = "sha256:10ea75335975a13d0e73ac298402179335c55fa4e99d1687452d9cfa70b30d16"
url = "https://github.com/gohugoio/hugo/releases/download/v0.165.0/hugo_0.165.0_darwin-universal.pkg"
url_api = "https://api.github.com/repos/gohugoio/hugo/releases/assets/511697483"

[tools.hugo."platforms.windows-x64"]
checksum = "sha256:bdd9cc7837a42389067b2d0df7858d5878ceddef21307c2dd27fa10885fbbcf9"
url = "https://github.com/gohugoio/hugo/releases/download/v0.165.0/hugo_0.165.0_windows-amd64.zip"
url_api = "https://api.github.com/repos/gohugoio/hugo/releases/assets/511697493"

[[tools.lefthook]]
version = "2.1.11"
backend = "aqua:evilmartians/lefthook"

[tools.lefthook."platforms.linux-arm64"]
checksum = "sha256:94568fb0f7bc62eb7d7b110534f7bb01c5153551a3f364269e742fcfaa0b1c07"
url = "https://github.com/evilmartians/lefthook/releases/download/v2.1.11/lefthook_2.1.11_Linux_aarch64.gz"
url_api = "https://api.github.com/repos/evilmartians/lefthook/releases/assets/523446803"
provenance = "github-attestations"

[tools.lefthook."platforms.linux-arm64-musl"]
checksum = "sha256:94568fb0f7bc62eb7d7b110534f7bb01c5153551a3f364269e742fcfaa0b1c07"
url = "https://github.com/evilmartians/lefthook/releases/download/v2.1.11/lefthook_2.1.11_Linux_aarch64.gz"
url_api = "https://api.github.com/repos/evilmartians/lefthook/releases/assets/523446803"
provenance = "github-attestations"

[tools.lefthook."platforms.linux-x64"]
checksum = "sha256:435aff51fc767a7f135717a4e3e4f3282c15e0a4ca4e2dfd1b54ef8241ee5f3f"
url = "https://github.com/evilmartians/lefthook/releases/download/v2.1.11/lefthook_2.1.11_Linux_x86_64.gz"
url_api = "https://api.github.com/repos/evilmartians/lefthook/releases/assets/523446768"
provenance = "github-attestations"

[tools.lefthook."platforms.linux-x64-musl"]
checksum = "sha256:435aff51fc767a7f135717a4e3e4f3282c15e0a4ca4e2dfd1b54ef8241ee5f3f"
url = "https://github.com/evilmartians/lefthook/releases/download/v2.1.11/lefthook_2.1.11_Linux_x86_64.gz"
url_api = "https://api.github.com/repos/evilmartians/lefthook/releases/assets/523446768"
provenance = "github-attestations"

[tools.lefthook."platforms.macos-arm64"]
checksum = "sha256:2d2b312730f3d900354f5f0eb37abf31ff65a033021be761f25a2eb709c9cdbc"
url = "https://github.com/evilmartians/lefthook/releases/download/v2.1.11/lefthook_2.1.11_MacOS_arm64.gz"
url_api = "https://api.github.com/repos/evilmartians/lefthook/releases/assets/523446757"
provenance = "github-attestations"

[tools.lefthook."platforms.macos-x64"]
checksum = "sha256:b9ab6e5de57b1fdd1ffe77a9d57fbec34539b50481fa5c38f91f19fe5175dcc5"
url = "https://github.com/evilmartians/lefthook/releases/download/v2.1.11/lefthook_2.1.11_MacOS_x86_64.gz"
url_api = "https://api.github.com/repos/evilmartians/lefthook/releases/assets/523446802"
provenance = "github-attestations"

[tools.lefthook."platforms.windows-x64"]
checksum = "sha256:df7fb73aca464e455f66ab231965cfb15aaea4ccd45be4af4f7df908fc4077d2"
url = "https://github.com/evilmartians/lefthook/releases/download/v2.1.11/lefthook_2.1.11_Windows_x86_64.gz"
url_api = "https://api.github.com/repos/evilmartians/lefthook/releases/assets/523446762"
provenance = "github-attestations"

[[tools.oras]]
version = "1.3.4"
backend = "aqua:oras-project/oras"

[tools.oras."platforms.linux-arm64"]
checksum = "sha256:15702c6e3a4a56a8bd8ac5c17efdbcab56d9bada661ccbcf017f5b10c1d89399"
url = "https://github.com/oras-project/oras/releases/download/v1.3.4/oras_1.3.4_linux_arm64.tar.gz"
url_api = "https://api.github.com/repos/oras-project/oras/releases/assets/532778558"

[tools.oras."platforms.linux-arm64-musl"]
checksum = "sha256:15702c6e3a4a56a8bd8ac5c17efdbcab56d9bada661ccbcf017f5b10c1d89399"
url = "https://github.com/oras-project/oras/releases/download/v1.3.4/oras_1.3.4_linux_arm64.tar.gz"
url_api = "https://api.github.com/repos/oras-project/oras/releases/assets/532778558"

[tools.oras."platforms.linux-x64"]
checksum = "sha256:f27adb935022d94df8dc77719c322dda592c78a0d57a6f7dcdd8d900b248c454"
url = "https://github.com/oras-project/oras/releases/download/v1.3.4/oras_1.3.4_linux_amd64.tar.gz"
url_api = "https://api.github.com/repos/oras-project/oras/releases/assets/532778544"

[tools.oras."platforms.linux-x64-musl"]
checksum = "sha256:f27adb935022d94df8dc77719c322dda592c78a0d57a6f7dcdd8d900b248c454"
url = "https://github.com/oras-project/oras/releases/download/v1.3.4/oras_1.3.4_linux_amd64.tar.gz"
url_api = "https://api.github.com/repos/oras-project/oras/releases/assets/532778544"

[tools.oras."platforms.macos-arm64"]
checksum = "sha256:217761a9500242ff473de8656b5aca21136ff39e17e9e61fd8936bbfd902704c"
url = "https://github.com/oras-project/oras/releases/download/v1.3.4/oras_1.3.4_darwin_arm64.tar.gz"
url_api = "https://api.github.com/repos/oras-project/oras/releases/assets/532778559"

[tools.oras."platforms.macos-x64"]
checksum = "sha256:5e964f3d5a36eb9499a9d3e252a86b09e7adf3e6f6447eec56fd249c6702af7e"
url = "https://github.com/oras-project/oras/releases/download/v1.3.4/oras_1.3.4_darwin_amd64.tar.gz"
url_api = "https://api.github.com/repos/oras-project/oras/releases/assets/532778545"

[tools.oras."platforms.windows-x64"]
checksum = "sha256:ffdb6aa40267686b5d507da1f21a57fc502a9a7c86b90c54557d335644c99dbd"
url = "https://github.com/oras-project/oras/releases/download/v1.3.4/oras_1.3.4_windows_amd64.zip"
url_api = "https://api.github.com/repos/oras-project/oras/releases/assets/532778547"

[[tools.shellcheck]]
version = "0.11.0"
backend = "aqua:koalaman/shellcheck"

[tools.shellcheck."platforms.linux-arm64"]
checksum = "sha256:12b331c1d2db6b9eb13cfca64306b1b157a86eb69db83023e261eaa7e7c14588"
url = "https://github.com/koalaman/shellcheck/releases/download/v0.11.0/shellcheck-v0.11.0.linux.aarch64.tar.xz"

[tools.shellcheck."platforms.linux-arm64-musl"]
checksum = "sha256:12b331c1d2db6b9eb13cfca64306b1b157a86eb69db83023e261eaa7e7c14588"
url = "https://github.com/koalaman/shellcheck/releases/download/v0.11.0/shellcheck-v0.11.0.linux.aarch64.tar.xz"

[tools.shellcheck."platforms.linux-x64"]
checksum = "sha256:8c3be12b05d5c177a04c29e3c78ce89ac86f1595681cab149b65b97c4e227198"
url = "https://github.com/koalaman/shellcheck/releases/download/v0.11.0/shellcheck-v0.11.0.linux.x86_64.tar.xz"

[tools.shellcheck."platforms.linux-x64-musl"]
checksum = "sha256:8c3be12b05d5c177a04c29e3c78ce89ac86f1595681cab149b65b97c4e227198"
url = "https://github.com/koalaman/shellcheck/releases/download/v0.11.0/shellcheck-v0.11.0.linux.x86_64.tar.xz"

[tools.shellcheck."platforms.macos-arm64"]
checksum = "sha256:56affdd8de5527894dca6dc3d7e0a99a873b0f004d7aabc30ae407d3f48b0a79"
url = "https://github.com/koalaman/shellcheck/releases/download/v0.11.0/shellcheck-v0.11.0.darwin.aarch64.tar.xz"

[tools.shellcheck."platforms.macos-x64"]
checksum = "sha256:3c89db4edcab7cf1c27bff178882e0f6f27f7afdf54e859fa041fca10febe4c6"
url = "https://github.com/koalaman/shellcheck/releases/download/v0.11.0/shellcheck-v0.11.0.darwin.x86_64.tar.xz"

[tools.shellcheck."platforms.windows-x64"]
checksum = "sha256:8a4e35ab0b331c85d73567b12f2a444df187f483e5079ceffa6bda1faa2e740e"
url = "https://github.com/koalaman/shellcheck/releases/download/v0.11.0/shellcheck-v0.11.0.zip"

[[tools.zizmor]]
version = "1.29.0"
backend = "aqua:zizmorcore/zizmor"

[tools.zizmor."platforms.linux-arm64"]
checksum = "sha256:415eaa7c0a06479a701b8e44a3e812c1047decc848ec4bede7bd6bbf49f22d20"
url = "https://github.com/zizmorcore/zizmor/releases/download/v1.29.0/zizmor-aarch64-unknown-linux-gnu.tar.gz"
url_api = "https://api.github.com/repos/zizmorcore/zizmor/releases/assets/498263143"
provenance = "github-attestations"

[tools.zizmor."platforms.linux-arm64-musl"]
provenance = "github-attestations"

[tools.zizmor."platforms.linux-x64"]
checksum = "sha256:dd96df044a6e8538d5f423790f453bdd03d49e5b2bcc38214acc41a2f1297839"
url = "https://github.com/zizmorcore/zizmor/releases/download/v1.29.0/zizmor-x86_64-unknown-linux-gnu.tar.gz"
url_api = "https://api.github.com/repos/zizmorcore/zizmor/releases/assets/498263145"
provenance = "github-attestations"

[tools.zizmor."platforms.linux-x64-musl"]
provenance = "github-attestations"

[tools.zizmor."platforms.macos-arm64"]
checksum = "sha256:720322fade9e83a9c7953944c438f2ba942636b86b96a8f0e6b15ce94c8a6b6f"
url = "https://github.com/zizmorcore/zizmor/releases/download/v1.29.0/zizmor-aarch64-apple-darwin.tar.gz"
url_api = "https://api.github.com/repos/zizmorcore/zizmor/releases/assets/498263141"
provenance = "github-attestations"

[tools.zizmor."platforms.macos-x64"]
checksum = "sha256:648b72ab9941a7f2a8d65d7b68a8e76cef789538c8df3a3950384d38423375b0"
url = "https://github.com/zizmorcore/zizmor/releases/download/v1.29.0/zizmor-x86_64-apple-darwin.tar.gz"
url_api = "https://api.github.com/repos/zizmorcore/zizmor/releases/assets/498263144"
provenance = "github-attestations"

[tools.zizmor."platforms.windows-x64"]
checksum = "sha256:68a6bc6888f10bf0d53658c75885e7c1b7a0588d4c1fbc3f0ca280ad7324bf06"
url = "https://github.com/zizmorcore/zizmor/releases/download/v1.29.0/zizmor-x86_64-pc-windows-msvc.zip"
url_api = "https://api.github.com/repos/zizmorcore/zizmor/releases/assets/498263142"
provenance = "github-attestations"
